
Microsoft Visual Studio Solution File, Format Version 12.00
# Visual Studio Version 17
VisualStudioVersion = 17.1.32414.318
MinimumVisualStudioVersion = 10.0.40219.1
Project("{2150E333-8FDC-42A3-9474-1A3956D46DE8}") = "MY.CROSS.Consul", "MY.CROSS.Consul", "{9C714F8F-2DB0-44EB-AE04-81E2DA38E18F}"
EndProject
Project("{2150E333-8FDC-42A3-9474-1A3956D46DE8}") = "MY.CROSS.Jaeger", "MY.CROSS.Jaeger", "{D8B1E881-85D1-4E41-B376-E7322D0B264A}"
EndProject
Project("{2150E333-8FDC-42A3-9474-1A3956D46DE8}") = "MY.CROSS.Jwt", "MY.CROSS.Jwt", "{ABDE2E8C-FE81-4232-81B4-4F8D2AC64C77}"
EndProject
Project("{2150E333-8FDC-42A3-9474-1A3956D46DE8}") = "MY.CROSS.Proxy", "MY.CROSS.Proxy", "{BF70C706-4190-4316-8CAE-584BC10725C9}"
EndProject
Project("{2150E333-8FDC-42A3-9474-1A3956D46DE8}") = "My.CROSS.RabbitMQ", "My.CROSS.RabbitMQ", "{5EDDD580-B033-43EE-A485-B7A17B950D00}"
EndProject
Project("{FAE04EC0-301F-11D3-BF4B-00C04F79EFBC}") = "MY.CROSS.Consul", "MY.CROSS.Consul\MY.CROSS.Consul.csproj", "{5F6507E8-6221-4C27-B0E8-4F6B9DDB39E7}"
EndProject
Project("{FAE04EC0-301F-11D3-BF4B-00C04F79EFBC}") = "MY.CROSS.Jeager", "MY.CROSS.Jeager\MY.CROSS.Jeager.csproj", "{2B609D5D-CEB4-4FC3-9449-8A7F7931B301}"
EndProject
Project("{FAE04EC0-301F-11D3-BF4B-00C04F79EFBC}") = "MY.CROSS.Proxy", "MY.CROSS.Proxy\MY.CROSS.Proxy.csproj", "{4BEB4C82-4ECA-4D6C-BD2D-50B6A4685B21}"
EndProject
Project("{FAE04EC0-301F-11D3-BF4B-00C04F79EFBC}") = "My.CROSS.RabbitMQ", "My.CROSS.RabbitMQ\My.CROSS.RabbitMQ.csproj", "{4D542085-A7E6-4CA2-984E-4588E1800DBA}"
EndProject
Global
	GlobalSection(SolutionConfigurationPlatforms) = preSolution
		Debug|Any CPU = Debug|Any CPU
		Release|Any CPU = Release|Any CPU
	EndGlobalSection
	GlobalSection(ProjectConfigurationPlatforms) = postSolution
		{5F6507E8-6221-4C27-B0E8-4F6B9DDB39E7}.Debug|Any CPU.ActiveCfg = Debug|Any CPU
		{5F6507E8-6221-4C27-B0E8-4F6B9DDB39E7}.Debug|Any CPU.Build.0 = Debug|Any CPU
		{5F6507E8-6221-4C27-B0E8-4F6B9DDB39E7}.Release|Any CPU.ActiveCfg = Release|Any CPU
		{5F6507E8-6221-4C27-B0E8-4F6B9DDB39E7}.Release|Any CPU.Build.0 = Release|Any CPU
		{2B609D5D-CEB4-4FC3-9449-8A7F7931B301}.Debug|Any CPU.ActiveCfg = Debug|Any CPU
		{2B609D5D-CEB4-4FC3-9449-8A7F7931B301}.Debug|Any CPU.Build.0 = Debug|Any CPU
		{2B609D5D-CEB4-4FC3-9449-8A7F7931B301}.Release|Any CPU.ActiveCfg = Release|Any CPU
		{2B609D5D-CEB4-4FC3-9449-8A7F7931B301}.Release|Any CPU.Build.0 = Release|Any CPU
		{4BEB4C82-4ECA-4D6C-BD2D-50B6A4685B21}.Debug|Any CPU.ActiveCfg = Debug|Any CPU
		{4BEB4C82-4ECA-4D6C-BD2D-50B6A4685B21}.Debug|Any CPU.Build.0 = Debug|Any CPU
		{4BEB4C82-4ECA-4D6C-BD2D-50B6A4685B21}.Release|Any CPU.ActiveCfg = Release|Any CPU
		{4BEB4C82-4ECA-4D6C-BD2D-50B6A4685B21}.Release|Any CPU.Build.0 = Release|Any CPU
		{4D542085-A7E6-4CA2-984E-4588E1800DBA}.Debug|Any CPU.ActiveCfg = Debug|Any CPU
		{4D542085-A7E6-4CA2-984E-4588E1800DBA}.Debug|Any CPU.Build.0 = Debug|Any CPU
		{4D542085-A7E6-4CA2-984E-4588E1800DBA}.Release|Any CPU.ActiveCfg = Release|Any CPU
		{4D542085-A7E6-4CA2-984E-4588E1800DBA}.Release|Any CPU.Build.0 = Release|Any CPU
	EndGlobalSection
	GlobalSection(SolutionProperties) = preSolution
		HideSolutionNode = FALSE
	EndGlobalSection
	GlobalSection(NestedProjects) = preSolution
		{5F6507E8-6221-4C27-B0E8-4F6B9DDB39E7} = {9C714F8F-2DB0-44EB-AE04-81E2DA38E18F}
		{2B609D5D-CEB4-4FC3-9449-8A7F7931B301} = {D8B1E881-85D1-4E41-B376-E7322D0B264A}
		{4BEB4C82-4ECA-4D6C-BD2D-50B6A4685B21} = {BF70C706-4190-4316-8CAE-584BC10725C9}
		{4D542085-A7E6-4CA2-984E-4588E1800DBA} = {5EDDD580-B033-43EE-A485-B7A17B950D00}
	EndGlobalSection
	GlobalSection(ExtensibilityGlobals) = postSolution
		SolutionGuid = {1DAB453E-37ED-4666-975E-76A6BF9A35D7}
	EndGlobalSection
EndGlobal
